// !$*UTF8*$!
{
	archiveVersion = 1;
	classes = {
	};
	objectVersion = 56;
	objects = {

/* Begin PBXBuildFile section */
		E06B83CE28DE39D1003F4C98 /* FeedImage.swift in Sources */ = {isa = PBXBuildFile; fileRef = E06B83CD28DE39D1003F4C98 /* FeedImage.swift */; };
		E06B83D028DE44B5003F4C98 /* HTTPClient.swift in Sources */ = {isa = PBXBuildFile; fileRef = E06B83CF28DE44B5003F4C98 /* HTTPClient.swift */; };
		E06B83D228DE4581003F4C98 /* FeedItemsMapper.swift in Sources */ = {isa = PBXBuildFile; fileRef = E06B83D128DE4581003F4C98 /* FeedItemsMapper.swift */; };
		E06B83D528DE4B6C003F4C98 /* FeedLoader.swift in Sources */ = {isa = PBXBuildFile; fileRef = E06B83D428DE4B6C003F4C98 /* FeedLoader.swift */; };
		E0EFC0F228DCD1710098CA33 /* EssentialFeed.framework in Frameworks */ = {isa = PBXBuildFile; fileRef = E0EFC0E928DCD1710098CA33 /* EssentialFeed.framework */; };
		E0EFC10228DCDA8C0098CA33 /* LoadFeedFromRemoteUseCaseTests.swift in Sources */ = {isa = PBXBuildFile; fileRef = E0EFC10128DCDA8C0098CA33 /* LoadFeedFromRemoteUseCaseTests.swift */; };
		E0EFC10728DCE2140098CA33 /* RemoteFeedLoader.swift in Sources */ = {isa = PBXBuildFile; fileRef = E0EFC10628DCE2140098CA33 /* RemoteFeedLoader.swift */; };
		E0FD0C1C28DEF7820038B239 /* URLSessionHTTPClientTests.swift in Sources */ = {isa = PBXBuildFile; fileRef = E0FD0C1B28DEF7820038B239 /* URLSessionHTTPClientTests.swift */; };
		E0FD0C1F28DF0C740038B239 /* XCTestCase+MemoryLeakTracking.swift in Sources */ = {isa = PBXBuildFile; fileRef = E0FD0C1E28DF0C740038B239 /* XCTestCase+MemoryLeakTracking.swift */; };
		E0FD0C2128DF18050038B239 /* URLSessionHTTPClient.swift in Sources */ = {isa = PBXBuildFile; fileRef = E0FD0C2028DF18050038B239 /* URLSessionHTTPClient.swift */; };
		E0FD0C2928DF1C1F0038B239 /* EssentialFeedAPIEndToEndTests.swift in Sources */ = {isa = PBXBuildFile; fileRef = E0FD0C2828DF1C1F0038B239 /* EssentialFeedAPIEndToEndTests.swift */; };
		E0FD0C2A28DF1C1F0038B239 /* EssentialFeed.framework in Frameworks */ = {isa = PBXBuildFile; fileRef = E0EFC0E928DCD1710098CA33 /* EssentialFeed.framework */; };
		E0FD0C3028DF203D0038B239 /* XCTestCase+MemoryLeakTracking.swift in Sources */ = {isa = PBXBuildFile; fileRef = E0FD0C1E28DF0C740038B239 /* XCTestCase+MemoryLeakTracking.swift */; };
		E0FD0C3328DF60560038B239 /* CacheFeedUseCaseTests.swift in Sources */ = {isa = PBXBuildFile; fileRef = E0FD0C3228DF60560038B239 /* CacheFeedUseCaseTests.swift */; };
		E0FD0C3628DF769A0038B239 /* LocalFeedLoader.swift in Sources */ = {isa = PBXBuildFile; fileRef = E0FD0C3528DF769A0038B239 /* LocalFeedLoader.swift */; };
		E0FD0C3828DF775E0038B239 /* FeedStore.swift in Sources */ = {isa = PBXBuildFile; fileRef = E0FD0C3728DF775E0038B239 /* FeedStore.swift */; };
		E0FD0C3A28DF80A60038B239 /* RemoteFeedItem.swift in Sources */ = {isa = PBXBuildFile; fileRef = E0FD0C3928DF80A60038B239 /* RemoteFeedItem.swift */; };
		E0FD0C3C28DF81390038B239 /* LocalFeedImage.swift in Sources */ = {isa = PBXBuildFile; fileRef = E0FD0C3B28DF81390038B239 /* LocalFeedImage.swift */; };
/* End PBXBuildFile section */

/* Begin PBXContainerItemProxy section */
		E0EFC0F328DCD1710098CA33 /* PBXContainerItemProxy */ = {
			isa = PBXContainerItemProxy;
			containerPortal = E0EFC0E028DCD1710098CA33 /* Project object */;
			proxyType = 1;
			remoteGlobalIDString = E0EFC0E828DCD1710098CA33;
			remoteInfo = EssentialFeed;
		};
		E0FD0C2B28DF1C1F0038B239 /* PBXContainerItemProxy */ = {
			isa = PBXContainerItemProxy;
			containerPortal = E0EFC0E028DCD1710098CA33 /* Project object */;
			proxyType = 1;
			remoteGlobalIDString = E0EFC0E828DCD1710098CA33;
			remoteInfo = EssentialFeed;
		};
/* End PBXContainerItemProxy section */

/* Begin PBXFileReference section */
		E06B83CD28DE39D1003F4C98 /* FeedImage.swift */ = {isa = PBXFileReference; lastKnownFileType = sourcecode.swift; path = FeedImage.swift; sourceTree = "<group>"; };
		E06B83CF28DE44B5003F4C98 /* HTTPClient.swift */ = {isa = PBXFileReference; lastKnownFileType = sourcecode.swift; path = HTTPClient.swift; sourceTree = "<group>"; };
		E06B83D128DE4581003F4C98 /* FeedItemsMapper.swift */ = {isa = PBXFileReference; lastKnownFileType = sourcecode.swift; path = FeedItemsMapper.swift; sourceTree = "<group>"; };
		E06B83D428DE4B6C003F4C98 /* FeedLoader.swift */ = {isa = PBXFileReference; lastKnownFileType = sourcecode.swift; path = FeedLoader.swift; sourceTree = "<group>"; };
		E0EFC0E928DCD1710098CA33 /* EssentialFeed.framework */ = {isa = PBXFileReference; explicitFileType = wrapper.framework; includeInIndex = 0; path = EssentialFeed.framework; sourceTree = BUILT_PRODUCTS_DIR; };
		E0EFC0F128DCD1710098CA33 /* EssentialFeedTests.xctest */ = {isa = PBXFileReference; explicitFileType = wrapper.cfbundle; includeInIndex = 0; path = EssentialFeedTests.xctest; sourceTree = BUILT_PRODUCTS_DIR; };
		E0EFC10128DCDA8C0098CA33 /* LoadFeedFromRemoteUseCaseTests.swift */ = {isa = PBXFileReference; lastKnownFileType = sourcecode.swift; path = LoadFeedFromRemoteUseCaseTests.swift; sourceTree = "<group>"; };
		E0EFC10628DCE2140098CA33 /* RemoteFeedLoader.swift */ = {isa = PBXFileReference; lastKnownFileType = sourcecode.swift; path = RemoteFeedLoader.swift; sourceTree = "<group>"; };
		E0FD0C1B28DEF7820038B239 /* URLSessionHTTPClientTests.swift */ = {isa = PBXFileReference; lastKnownFileType = sourcecode.swift; path = URLSessionHTTPClientTests.swift; sourceTree = "<group>"; };
		E0FD0C1E28DF0C740038B239 /* XCTestCase+MemoryLeakTracking.swift */ = {isa = PBXFileReference; lastKnownFileType = sourcecode.swift; path = "XCTestCase+MemoryLeakTracking.swift"; sourceTree = "<group>"; };
		E0FD0C2028DF18050038B239 /* URLSessionHTTPClient.swift */ = {isa = PBXFileReference; lastKnownFileType = sourcecode.swift; path = URLSessionHTTPClient.swift; sourceTree = "<group>"; };
		E0FD0C2628DF1C1F0038B239 /* EssentialFeedAPIEndToEndTests.xctest */ = {isa = PBXFileReference; explicitFileType = wrapper.cfbundle; includeInIndex = 0; path = EssentialFeedAPIEndToEndTests.xctest; sourceTree = BUILT_PRODUCTS_DIR; };
		E0FD0C2828DF1C1F0038B239 /* EssentialFeedAPIEndToEndTests.swift */ = {isa = PBXFileReference; lastKnownFileType = sourcecode.swift; path = EssentialFeedAPIEndToEndTests.swift; sourceTree = "<group>"; };
		E0FD0C3228DF60560038B239 /* CacheFeedUseCaseTests.swift */ = {isa = PBXFileReference; lastKnownFileType = sourcecode.swift; path = CacheFeedUseCaseTests.swift; sourceTree = "<group>"; };
		E0FD0C3528DF769A0038B239 /* LocalFeedLoader.swift */ = {isa = PBXFileReference; lastKnownFileType = sourcecode.swift; path = LocalFeedLoader.swift; sourceTree = "<group>"; };
		E0FD0C3728DF775E0038B239 /* FeedStore.swift */ = {isa = PBXFileReference; lastKnownFileType = sourcecode.swift; path = FeedStore.swift; sourceTree = "<group>"; };
		E0FD0C3928DF80A60038B239 /* RemoteFeedItem.swift */ = {isa = PBXFileReference; lastKnownFileType = sourcecode.swift; path = RemoteFeedItem.swift; sourceTree = "<group>"; };
		E0FD0C3B28DF81390038B239 /* LocalFeedImage.swift */ = {isa = PBXFileReference; lastKnownFileType = sourcecode.swift; path = LocalFeedImage.swift; sourceTree = "<group>"; };
/* End PBXFileReference section */

/* Begin PBXFrameworksBuildPhase section */
		E0EFC0E628DCD1710098CA33 /* Frameworks */ = {
			isa = PBXFrameworksBuildPhase;
			buildActionMask = 2147483647;
			files = (
			);
			runOnlyForDeploymentPostprocessing = 0;
		};
		E0EFC0EE28DCD1710098CA33 /* Frameworks */ = {
			isa = PBXFrameworksBuildPhase;
			buildActionMask = 2147483647;
			files = (
				E0EFC0F228DCD1710098CA33 /* EssentialFeed.framework in Frameworks */,
			);
			runOnlyForDeploymentPostprocessing = 0;
		};
		E0FD0C2328DF1C1F0038B239 /* Frameworks */ = {
			isa = PBXFrameworksBuildPhase;
			buildActionMask = 2147483647;
			files = (
				E0FD0C2A28DF1C1F0038B239 /* EssentialFeed.framework in Frameworks */,
			);
			runOnlyForDeploymentPostprocessing = 0;
		};
/* End PBXFrameworksBuildPhase section */

/* Begin PBXGroup section */
		E06B83CC28DE39B7003F4C98 /* Feed Feature */ = {
			isa = PBXGroup;
			children = (
				E06B83CD28DE39D1003F4C98 /* FeedImage.swift */,
				E06B83D428DE4B6C003F4C98 /* FeedLoader.swift */,
			);
			path = "Feed Feature";
			sourceTree = "<group>";
		};
		E06B83D328DE4AA6003F4C98 /* Feed API */ = {
			isa = PBXGroup;
			children = (
				E0EFC10128DCDA8C0098CA33 /* LoadFeedFromRemoteUseCaseTests.swift */,
				E0FD0C1B28DEF7820038B239 /* URLSessionHTTPClientTests.swift */,
			);
			path = "Feed API";
			sourceTree = "<group>";
		};
		E0EFC0DF28DCD1710098CA33 = {
			isa = PBXGroup;
			children = (
				E0EFC0EB28DCD1710098CA33 /* EssentialFeed */,
				E0EFC0F528DCD1710098CA33 /* EssentialFeedTests */,
				E0FD0C2728DF1C1F0038B239 /* EssentialFeedAPIEndToEndTests */,
				E0EFC0EA28DCD1710098CA33 /* Products */,
			);
			sourceTree = "<group>";
		};
		E0EFC0EA28DCD1710098CA33 /* Products */ = {
			isa = PBXGroup;
			children = (
				E0EFC0E928DCD1710098CA33 /* EssentialFeed.framework */,
				E0EFC0F128DCD1710098CA33 /* EssentialFeedTests.xctest */,
				E0FD0C2628DF1C1F0038B239 /* EssentialFeedAPIEndToEndTests.xctest */,
			);
			name = Products;
			sourceTree = "<group>";
		};
		E0EFC0EB28DCD1710098CA33 /* EssentialFeed */ = {
			isa = PBXGroup;
			children = (
				E0FD0C3428DF76790038B239 /* Feed Cache */,
				E06B83CC28DE39B7003F4C98 /* Feed Feature */,
				E0EFC10328DCE1CE0098CA33 /* Feed API */,
			);
			path = EssentialFeed;
			sourceTree = "<group>";
		};
		E0EFC0F528DCD1710098CA33 /* EssentialFeedTests */ = {
			isa = PBXGroup;
			children = (
				E0FD0C1D28DF0C3D0038B239 /* Helpers */,
				E06B83D328DE4AA6003F4C98 /* Feed API */,
				E0FD0C3128DF601A0038B239 /* Feed Cache */,
			);
			path = EssentialFeedTests;
			sourceTree = "<group>";
		};
		E0EFC10328DCE1CE0098CA33 /* Feed API */ = {
			isa = PBXGroup;
			children = (
				E0EFC10628DCE2140098CA33 /* RemoteFeedLoader.swift */,
				E06B83CF28DE44B5003F4C98 /* HTTPClient.swift */,
				E06B83D128DE4581003F4C98 /* FeedItemsMapper.swift */,
				E0FD0C3928DF80A60038B239 /* RemoteFeedItem.swift */,
				E0FD0C2028DF18050038B239 /* URLSessionHTTPClient.swift */,
			);
			path = "Feed API";
			sourceTree = "<group>";
		};
		E0FD0C1D28DF0C3D0038B239 /* Helpers */ = {
			isa = PBXGroup;
			children = (
				E0FD0C1E28DF0C740038B239 /* XCTestCase+MemoryLeakTracking.swift */,
			);
			path = Helpers;
			sourceTree = "<group>";
		};
		E0FD0C2728DF1C1F0038B239 /* EssentialFeedAPIEndToEndTests */ = {
			isa = PBXGroup;
			children = (
				E0FD0C2828DF1C1F0038B239 /* EssentialFeedAPIEndToEndTests.swift */,
			);
			path = EssentialFeedAPIEndToEndTests;
			sourceTree = "<group>";
		};
		E0FD0C3128DF601A0038B239 /* Feed Cache */ = {
			isa = PBXGroup;
			children = (
				E0FD0C3228DF60560038B239 /* CacheFeedUseCaseTests.swift */,
			);
			path = "Feed Cache";
			sourceTree = "<group>";
		};
		E0FD0C3428DF76790038B239 /* Feed Cache */ = {
			isa = PBXGroup;
			children = (
				E0FD0C3528DF769A0038B239 /* LocalFeedLoader.swift */,
				E0FD0C3728DF775E0038B239 /* FeedStore.swift */,
				E0FD0C3B28DF81390038B239 /* LocalFeedImage.swift */,
			);
			path = "Feed Cache";
			sourceTree = "<group>";
		};
/* End PBXGroup section */

/* Begin PBXHeadersBuildPhase section */
		E0EFC0E428DCD1710098CA33 /* Headers */ = {
			isa = PBXHeadersBuildPhase;
			buildActionMask = 2147483647;
			files = (
			);
			runOnlyForDeploymentPostprocessing = 0;
		};
/* End PBXHeadersBuildPhase section */

/* Begin PBXNativeTarget section */
		E0EFC0E828DCD1710098CA33 /* EssentialFeed */ = {
			isa = PBXNativeTarget;
			buildConfigurationList = E0EFC0FB28DCD1710098CA33 /* Build configuration list for PBXNativeTarget "EssentialFeed" */;
			buildPhases = (
				E0EFC0E428DCD1710098CA33 /* Headers */,
				E0EFC0E528DCD1710098CA33 /* Sources */,
				E0EFC0E628DCD1710098CA33 /* Frameworks */,
				E0EFC0E728DCD1710098CA33 /* Resources */,
			);
			buildRules = (
			);
			dependencies = (
			);
			name = EssentialFeed;
			productName = EssentialFeed;
			productReference = E0EFC0E928DCD1710098CA33 /* EssentialFeed.framework */;
			productType = "com.apple.product-type.framework";
		};
		E0EFC0F028DCD1710098CA33 /* EssentialFeedTests */ = {
			isa = PBXNativeTarget;
			buildConfigurationList = E0EFC0FE28DCD1710098CA33 /* Build configuration list for PBXNativeTarget "EssentialFeedTests" */;
			buildPhases = (
				E0EFC0ED28DCD1710098CA33 /* Sources */,
				E0EFC0EE28DCD1710098CA33 /* Frameworks */,
				E0EFC0EF28DCD1710098CA33 /* Resources */,
			);
			buildRules = (
			);
			dependencies = (
				E0EFC0F428DCD1710098CA33 /* PBXTargetDependency */,
			);
			name = EssentialFeedTests;
			productName = EssentialFeedTests;
			productReference = E0EFC0F128DCD1710098CA33 /* EssentialFeedTests.xctest */;
			productType = "com.apple.product-type.bundle.unit-test";
		};
		E0FD0C2528DF1C1F0038B239 /* EssentialFeedAPIEndToEndTests */ = {
			isa = PBXNativeTarget;
			buildConfigurationList = E0FD0C2D28DF1C1F0038B239 /* Build configuration list for PBXNativeTarget "EssentialFeedAPIEndToEndTests" */;
			buildPhases = (
				E0FD0C2228DF1C1F0038B239 /* Sources */,
				E0FD0C2328DF1C1F0038B239 /* Frameworks */,
				E0FD0C2428DF1C1F0038B239 /* Resources */,
			);
			buildRules = (
			);
			dependencies = (
				E0FD0C2C28DF1C1F0038B239 /* PBXTargetDependency */,
			);
			name = EssentialFeedAPIEndToEndTests;
			productName = EssentialFeedAPIEndToEndTests;
			productReference = E0FD0C2628DF1C1F0038B239 /* EssentialFeedAPIEndToEndTests.xctest */;
			productType = "com.apple.product-type.bundle.unit-test";
		};
/* End PBXNativeTarget section */

/* Begin PBXProject section */
		E0EFC0E028DCD1710098CA33 /* Project object */ = {
			isa = PBXProject;
			attributes = {
				BuildIndependentTargetsInParallel = 1;
				LastSwiftUpdateCheck = 1400;
				LastUpgradeCheck = 1400;
				TargetAttributes = {
					E0EFC0E828DCD1710098CA33 = {
						CreatedOnToolsVersion = 14.0;
						LastSwiftMigration = 1400;
					};
					E0EFC0F028DCD1710098CA33 = {
						CreatedOnToolsVersion = 14.0;
					};
					E0FD0C2528DF1C1F0038B239 = {
						CreatedOnToolsVersion = 14.0;
					};
				};
			};
			buildConfigurationList = E0EFC0E328DCD1710098CA33 /* Build configuration list for PBXProject "EssentialFeed" */;
			compatibilityVersion = "Xcode 14.0";
			developmentRegion = en;
			hasScannedForEncodings = 0;
			knownRegions = (
				en,
				Base,
			);
			mainGroup = E0EFC0DF28DCD1710098CA33;
			productRefGroup = E0EFC0EA28DCD1710098CA33 /* Products */;
			projectDirPath = "";
			projectRoot = "";
			targets = (
				E0EFC0E828DCD1710098CA33 /* EssentialFeed */,
				E0EFC0F028DCD1710098CA33 /* EssentialFeedTests */,
				E0FD0C2528DF1C1F0038B239 /* EssentialFeedAPIEndToEndTests */,
			);
		};
/* End PBXProject section */

/* Begin PBXResourcesBuildPhase section */
		E0EFC0E728DCD1710098CA33 /* Resources */ = {
			isa = PBXResourcesBuildPhase;
			buildActionMask = 2147483647;
			files = (
			);
			runOnlyForDeploymentPostprocessing = 0;
		};
		E0EFC0EF28DCD1710098CA33 /* Resources */ = {
			isa = PBXResourcesBuildPhase;
			buildActionMask = 2147483647;
			files = (
			);
			runOnlyForDeploymentPostprocessing = 0;
		};
		E0FD0C2428DF1C1F0038B239 /* Resources */ = {
			isa = PBXResourcesBuildPhase;
			buildActionMask = 2147483647;
			files = (
			);
			runOnlyForDeploymentPostprocessing = 0;
		};
/* End PBXResourcesBuildPhase section */

/* Begin PBXSourcesBuildPhase section */
		E0EFC0E528DCD1710098CA33 /* Sources */ = {
			isa = PBXSourcesBuildPhase;
			buildActionMask = 2147483647;
			files = (
				E06B83CE28DE39D1003F4C98 /* FeedImage.swift in Sources */,
				E0EFC10728DCE2140098CA33 /* RemoteFeedLoader.swift in Sources */,
				E0FD0C3A28DF80A60038B239 /* RemoteFeedItem.swift in Sources */,
				E06B83D028DE44B5003F4C98 /* HTTPClient.swift in Sources */,
				E0FD0C3C28DF81390038B239 /* LocalFeedImage.swift in Sources */,
				E0FD0C3828DF775E0038B239 /* FeedStore.swift in Sources */,
				E0FD0C3628DF769A0038B239 /* LocalFeedLoader.swift in Sources */,
				E06B83D528DE4B6C003F4C98 /* FeedLoader.swift in Sources */,
				E06B83D228DE4581003F4C98 /* FeedItemsMapper.swift in Sources */,
				E0FD0C2128DF18050038B239 /* URLSessionHTTPClient.swift in Sources */,
			);
			runOnlyForDeploymentPostprocessing = 0;
		};
		E0EFC0ED28DCD1710098CA33 /* Sources */ = {
			isa = PBXSourcesBuildPhase;
			buildActionMask = 2147483647;
			files = (
				E0EFC10228DCDA8C0098CA33 /* LoadFeedFromRemoteUseCaseTests.swift in Sources */,
				E0FD0C1C28DEF7820038B239 /* URLSessionHTTPClientTests.swift in Sources */,
				E0FD0C3328DF60560038B239 /* CacheFeedUseCaseTests.swift in Sources */,
				E0FD0C1F28DF0C740038B239 /* XCTestCase+MemoryLeakTracking.swift in Sources */,
			);
			runOnlyForDeploymentPostprocessing = 0;
		};
		E0FD0C2228DF1C1F0038B239 /* Sources */ = {
			isa = PBXSourcesBuildPhase;
			buildActionMask = 2147483647;
			files = (
				E0FD0C2928DF1C1F0038B239 /* EssentialFeedAPIEndToEndTests.swift in Sources */,
				E0FD0C3028DF203D0038B239 /* XCTestCase+MemoryLeakTracking.swift in Sources */,
			);
			runOnlyForDeploymentPostprocessing = 0;
		};
/* End PBXSourcesBuildPhase section */

/* Begin PBXTargetDependency section */
		E0EFC0F428DCD1710098CA33 /* PBXTargetDependency */ = {
			isa = PBXTargetDependency;
			target = E0EFC0E828DCD1710098CA33 /* EssentialFeed */;
			targetProxy = E0EFC0F328DCD1710098CA33 /* PBXContainerItemProxy */;
		};
		E0FD0C2C28DF1C1F0038B239 /* PBXTargetDependency */ = {
			isa = PBXTargetDependency;
			target = E0EFC0E828DCD1710098CA33 /* EssentialFeed */;
			targetProxy = E0FD0C2B28DF1C1F0038B239 /* PBXContainerItemProxy */;
		};
/* End PBXTargetDependency section */

/* Begin XCBuildConfiguration section */
		E0EFC0F928DCD1710098CA33 /* Debug */ = {
			isa = XCBuildConfiguration;
			buildSettings = {
				ALWAYS_SEARCH_USER_PATHS = NO;
				CLANG_ANALYZER_NONNULL = YES;
				CLANG_ANALYZER_NUMBER_OBJECT_CONVERSION = YES_AGGRESSIVE;
				CLANG_CXX_LANGUAGE_STANDARD = "gnu++20";
				CLANG_ENABLE_MODULES = YES;
				CLANG_ENABLE_OBJC_ARC = YES;
				CLANG_ENABLE_OBJC_WEAK = YES;
				CLANG_WARN_BLOCK_CAPTURE_AUTORELEASING = YES;
				CLANG_WARN_BOOL_CONVERSION = YES;
				CLANG_WARN_COMMA = YES;
				CLANG_WARN_CONSTANT_CONVERSION = YES;
				CLANG_WARN_DEPRECATED_OBJC_IMPLEMENTATIONS = YES;
				CLANG_WARN_DIRECT_OBJC_ISA_USAGE = YES_ERROR;
				CLANG_WARN_DOCUMENTATION_COMMENTS = YES;
				CLANG_WARN_EMPTY_BODY = YES;
				CLANG_WARN_ENUM_CONVERSION = YES;
				CLANG_WARN_INFINITE_RECURSION = YES;
				CLANG_WARN_INT_CONVERSION = YES;
				CLANG_WARN_NON_LITERAL_NULL_CONVERSION = YES;
				CLANG_WARN_OBJC_IMPLICIT_RETAIN_SELF = YES;
				CLANG_WARN_OBJC_LITERAL_CONVERSION = YES;
				CLANG_WARN_OBJC_ROOT_CLASS = YES_ERROR;
				CLANG_WARN_QUOTED_INCLUDE_IN_FRAMEWORK_HEADER = YES;
				CLANG_WARN_RANGE_LOOP_ANALYSIS = YES;
				CLANG_WARN_STRICT_PROTOTYPES = YES;
				CLANG_WARN_SUSPICIOUS_MOVE = YES;
				CLANG_WARN_UNGUARDED_AVAILABILITY = YES_AGGRESSIVE;
				CLANG_WARN_UNREACHABLE_CODE = YES;
				CLANG_WARN__DUPLICATE_METHOD_MATCH = YES;
				COPY_PHASE_STRIP = NO;
				CURRENT_PROJECT_VERSION = 1;
				DEBUG_INFORMATION_FORMAT = dwarf;
				ENABLE_STRICT_OBJC_MSGSEND = YES;
				ENABLE_TESTABILITY = YES;
				GCC_C_LANGUAGE_STANDARD = gnu11;
				GCC_DYNAMIC_NO_PIC = NO;
				GCC_NO_COMMON_BLOCKS = YES;
				GCC_OPTIMIZATION_LEVEL = 0;
				GCC_PREPROCESSOR_DEFINITIONS = (
					"DEBUG=1",
					"$(inherited)",
				);
				GCC_WARN_64_TO_32_BIT_CONVERSION = YES;
				GCC_WARN_ABOUT_RETURN_TYPE = YES_ERROR;
				GCC_WARN_UNDECLARED_SELECTOR = YES;
				GCC_WARN_UNINITIALIZED_AUTOS = YES_AGGRESSIVE;
				GCC_WARN_UNUSED_FUNCTION = YES;
				GCC_WARN_UNUSED_VARIABLE = YES;
				MACOSX_DEPLOYMENT_TARGET = 12.3;
				MTL_ENABLE_DEBUG_INFO = INCLUDE_SOURCE;
				MTL_FAST_MATH = YES;
				ONLY_ACTIVE_ARCH = YES;
				SDKROOT = macosx;
				SWIFT_ACTIVE_COMPILATION_CONDITIONS = DEBUG;
				SWIFT_OPTIMIZATION_LEVEL = "-Onone";
				VERSIONING_SYSTEM = "apple-generic";
				VERSION_INFO_PREFIX = "";
			};
			name = Debug;
		};
		E0EFC0FA28DCD1710098CA33 /* Release */ = {
			isa = XCBuildConfiguration;
			buildSettings = {
				ALWAYS_SEARCH_USER_PATHS = NO;
				CLANG_ANALYZER_NONNULL = YES;
				CLANG_ANALYZER_NUMBER_OBJECT_CONVERSION = YES_AGGRESSIVE;
				CLANG_CXX_LANGUAGE_STANDARD = "gnu++20";
				CLANG_ENABLE_MODULES = YES;
				CLANG_ENABLE_OBJC_ARC = YES;
				CLANG_ENABLE_OBJC_WEAK = YES;
				CLANG_WARN_BLOCK_CAPTURE_AUTORELEASING = YES;
				CLANG_WARN_BOOL_CONVERSION = YES;
				CLANG_WARN_COMMA = YES;
				CLANG_WARN_CONSTANT_CONVERSION = YES;
				CLANG_WARN_DEPRECATED_OBJC_IMPLEMENTATIONS = YES;
				CLANG_WARN_DIRECT_OBJC_ISA_USAGE = YES_ERROR;
				CLANG_WARN_DOCUMENTATION_COMMENTS = YES;
				CLANG_WARN_EMPTY_BODY = YES;
				CLANG_WARN_ENUM_CONVERSION = YES;
				CLANG_WARN_INFINITE_RECURSION = YES;
				CLANG_WARN_INT_CONVERSION = YES;
				CLANG_WARN_NON_LITERAL_NULL_CONVERSION = YES;
				CLANG_WARN_OBJC_IMPLICIT_RETAIN_SELF = YES;
				CLANG_WARN_OBJC_LITERAL_CONVERSION = YES;
				CLANG_WARN_OBJC_ROOT_CLASS = YES_ERROR;
				CLANG_WARN_QUOTED_INCLUDE_IN_FRAMEWORK_HEADER = YES;
				CLANG_WARN_RANGE_LOOP_ANALYSIS = YES;
				CLANG_WARN_STRICT_PROTOTYPES = YES;
				CLANG_WARN_SUSPICIOUS_MOVE = YES;
				CLANG_WARN_UNGUARDED_AVAILABILITY = YES_AGGRESSIVE;
				CLANG_WARN_UNREACHABLE_CODE = YES;
				CLANG_WARN__DUPLICATE_METHOD_MATCH = YES;
				COPY_PHASE_STRIP = NO;
				CURRENT_PROJECT_VERSION = 1;
				DEBUG_INFORMATION_FORMAT = "dwarf-with-dsym";
				ENABLE_NS_ASSERTIONS = NO;
				ENABLE_STRICT_OBJC_MSGSEND = YES;
				GCC_C_LANGUAGE_STANDARD = gnu11;
				GCC_NO_COMMON_BLOCKS = YES;
				GCC_WARN_64_TO_32_BIT_CONVERSION = YES;
				GCC_WARN_ABOUT_RETURN_TYPE = YES_ERROR;
				GCC_WARN_UNDECLARED_SELECTOR = YES;
				GCC_WARN_UNINITIALIZED_AUTOS = YES_AGGRESSIVE;
				GCC_WARN_UNUSED_FUNCTION = YES;
				GCC_WARN_UNUSED_VARIABLE = YES;
				MACOSX_DEPLOYMENT_TARGET = 12.3;
				MTL_ENABLE_DEBUG_INFO = NO;
				MTL_FAST_MATH = YES;
				SDKROOT = macosx;
				SWIFT_COMPILATION_MODE = wholemodule;
				SWIFT_OPTIMIZATION_LEVEL = "-O";
				VERSIONING_SYSTEM = "apple-generic";
				VERSION_INFO_PREFIX = "";
			};
			name = Release;
		};
		E0EFC0FC28DCD1710098CA33 /* Debug */ = {
			isa = XCBuildConfiguration;
			buildSettings = {
				CLANG_ENABLE_MODULES = YES;
				CODE_SIGN_STYLE = Automatic;
				COMBINE_HIDPI_IMAGES = YES;
				CURRENT_PROJECT_VERSION = 1;
				DEFINES_MODULE = YES;
				DEVELOPMENT_TEAM = MY5VCHB8ER;
				DYLIB_COMPATIBILITY_VERSION = 1;
				DYLIB_CURRENT_VERSION = 1;
				DYLIB_INSTALL_NAME_BASE = "@rpath";
				GENERATE_INFOPLIST_FILE = YES;
				INFOPLIST_KEY_NSHumanReadableCopyright = "";
				INSTALL_PATH = "$(LOCAL_LIBRARY_DIR)/Frameworks";
				LD_RUNPATH_SEARCH_PATHS = (
					"$(inherited)",
					"@executable_path/../Frameworks",
					"@loader_path/Frameworks",
				);
				MARKETING_VERSION = 1.0;
				PRODUCT_BUNDLE_IDENTIFIER = com.shujaat.wemo.EssentialFeed;
				PRODUCT_NAME = "$(TARGET_NAME:c99extidentifier)";
				SKIP_INSTALL = YES;
				SWIFT_EMIT_LOC_STRINGS = YES;
				SWIFT_OPTIMIZATION_LEVEL = "-Onone";
				SWIFT_VERSION = 5.0;
			};
			name = Debug;
		};
		E0EFC0FD28DCD1710098CA33 /* Release */ = {
			isa = XCBuildConfiguration;
			buildSettings = {
				CLANG_ENABLE_MODULES = YES;
				CODE_SIGN_STYLE = Automatic;
				COMBINE_HIDPI_IMAGES = YES;
				CURRENT_PROJECT_VERSION = 1;
				DEFINES_MODULE = YES;
				DEVELOPMENT_TEAM = MY5VCHB8ER;
				DYLIB_COMPATIBILITY_VERSION = 1;
				DYLIB_CURRENT_VERSION = 1;
				DYLIB_INSTALL_NAME_BASE = "@rpath";
				GENERATE_INFOPLIST_FILE = YES;
				INFOPLIST_KEY_NSHumanReadableCopyright = "";
				INSTALL_PATH = "$(LOCAL_LIBRARY_DIR)/Frameworks";
				LD_RUNPATH_SEARCH_PATHS = (
					"$(inherited)",
					"@executable_path/../Frameworks",
					"@loader_path/Frameworks",
				);
				MARKETING_VERSION = 1.0;
				PRODUCT_BUNDLE_IDENTIFIER = com.shujaat.wemo.EssentialFeed;
				PRODUCT_NAME = "$(TARGET_NAME:c99extidentifier)";
				SKIP_INSTALL = YES;
				SWIFT_EMIT_LOC_STRINGS = YES;
				SWIFT_VERSION = 5.0;
			};
			name = Release;
		};
		E0EFC0FF28DCD1710098CA33 /* Debug */ = {
			isa = XCBuildConfiguration;
			buildSettings = {
				ALWAYS_EMBED_SWIFT_STANDARD_LIBRARIES = YES;
				CODE_SIGN_STYLE = Automatic;
				CURRENT_PROJECT_VERSION = 1;
				DEVELOPMENT_TEAM = MY5VCHB8ER;
				GENERATE_INFOPLIST_FILE = YES;
				MARKETING_VERSION = 1.0;
				PRODUCT_BUNDLE_IDENTIFIER = com.shujaat.wemo.EssentialFeedTests;
				PRODUCT_NAME = "$(TARGET_NAME)";
				SWIFT_EMIT_LOC_STRINGS = NO;
				SWIFT_VERSION = 5.0;
			};
			name = Debug;
		};
		E0EFC10028DCD1710098CA33 /* Release */ = {
			isa = XCBuildConfiguration;
			buildSettings = {
				ALWAYS_EMBED_SWIFT_STANDARD_LIBRARIES = YES;
				CODE_SIGN_STYLE = Automatic;
				CURRENT_PROJECT_VERSION = 1;
				DEVELOPMENT_TEAM = MY5VCHB8ER;
				GENERATE_INFOPLIST_FILE = YES;
				MARKETING_VERSION = 1.0;
				PRODUCT_BUNDLE_IDENTIFIER = com.shujaat.wemo.EssentialFeedTests;
				PRODUCT_NAME = "$(TARGET_NAME)";
				SWIFT_EMIT_LOC_STRINGS = NO;
				SWIFT_VERSION = 5.0;
			};
			name = Release;
		};
		E0FD0C2E28DF1C1F0038B239 /* Debug */ = {
			isa = XCBuildConfiguration;
			buildSettings = {
				CODE_SIGN_STYLE = Automatic;
				CURRENT_PROJECT_VERSION = 1;
				DEVELOPMENT_TEAM = MY5VCHB8ER;
				GENERATE_INFOPLIST_FILE = YES;
				MARKETING_VERSION = 1.0;
				PRODUCT_BUNDLE_IDENTIFIER = com.shujaat.wemo.EssentialFeedAPIEndToEndTests;
				PRODUCT_NAME = "$(TARGET_NAME)";
				SWIFT_EMIT_LOC_STRINGS = NO;
				SWIFT_VERSION = 5.0;
			};
			name = Debug;
		};
		E0FD0C2F28DF1C1F0038B239 /* Release */ = {
			isa = XCBuildConfiguration;
			buildSettings = {
				CODE_SIGN_STYLE = Automatic;
				CURRENT_PROJECT_VERSION = 1;
				DEVELOPMENT_TEAM = MY5VCHB8ER;
				GENERATE_INFOPLIST_FILE = YES;
				MARKETING_VERSION = 1.0;
				PRODUCT_BUNDLE_IDENTIFIER = com.shujaat.wemo.EssentialFeedAPIEndToEndTests;
				PRODUCT_NAME = "$(TARGET_NAME)";
				SWIFT_EMIT_LOC_STRINGS = NO;
				SWIFT_VERSION = 5.0;
			};
			name = Release;
		};
/* End XCBuildConfiguration section */

/* Begin XCConfigurationList section */
		E0EFC0E328DCD1710098CA33 /* Build configuration list for PBXProject "EssentialFeed" */ = {
			isa = XCConfigurationList;
			buildConfigurations = (
				E0EFC0F928DCD1710098CA33 /* Debug */,
				E0EFC0FA28DCD1710098CA33 /* Release */,
			);
			defaultConfigurationIsVisible = 0;
			defaultConfigurationName = Release;
		};
		E0EFC0FB28DCD1710098CA33 /* Build configuration list for PBXNativeTarget "EssentialFeed" */ = {
			isa = XCConfigurationList;
			buildConfigurations = (
				E0EFC0FC28DCD1710098CA33 /* Debug */,
				E0EFC0FD28DCD1710098CA33 /* Release */,
			);
			defaultConfigurationIsVisible = 0;
			defaultConfigurationName = Release;
		};
		E0EFC0FE28DCD1710098CA33 /* Build configuration list for PBXNativeTarget "EssentialFeedTests" */ = {
			isa = XCConfigurationList;
			buildConfigurations = (
				E0EFC0FF28DCD1710098CA33 /* Debug */,
				E0EFC10028DCD1710098CA33 /* Release */,
			);
			defaultConfigurationIsVisible = 0;
			defaultConfigurationName = Release;
		};
		E0FD0C2D28DF1C1F0038B239 /* Build configuration list for PBXNativeTarget "EssentialFeedAPIEndToEndTests" */ = {
			isa = XCConfigurationList;
			buildConfigurations = (
				E0FD0C2E28DF1C1F0038B239 /* Debug */,
				E0FD0C2F28DF1C1F0038B239 /* Release */,
			);
			defaultConfigurationIsVisible = 0;
			defaultConfigurationName = Release;
		};
/* End XCConfigurationList section */
	};
	rootObject = E0EFC0E028DCD1710098CA33 /* Project object */;
}
